
Microsoft Visual Studio Solution File, Format Version 12.00
# Visual Studio Version 16
VisualStudioVersion = 16.0.31205.134
MinimumVisualStudioVersion = 10.0.40219.1
Project("{E24C65DC-7377-472B-9ABA-BC803B73C61A}") = "rtruio", "workstation\web\c# pro\rtruio\", "{21075381-64F7-46A2-A6F2-ABF8C32ED1B5}"
	ProjectSection(WebsiteProperties) = preProject
		TargetFrameworkMoniker = ".NETFramework,Version%3Dv4.0"
		Debug.AspNetCompiler.VirtualPath = "/localhost_51911"
		Debug.AspNetCompiler.PhysicalPath = "..\..\..\Desktop\workstation\web\c# pro\rtruio\"
		Debug.AspNetCompiler.TargetPath = "PrecompiledWeb\localhost_51911\"
		Debug.AspNetCompiler.Updateable = "true"
		Debug.AspNetCompiler.ForceOverwrite = "true"
		Debug.AspNetCompiler.FixedNames = "false"
		Debug.AspNetCompiler.Debug = "True"
		Release.AspNetCompiler.VirtualPath = "/localhost_51911"
		Release.AspNetCompiler.PhysicalPath = "..\..\..\Desktop\workstation\web\c# pro\rtruio\"
		Release.AspNetCompiler.TargetPath = "PrecompiledWeb\localhost_51911\"
		Release.AspNetCompiler.Updateable = "true"
		Release.AspNetCompiler.ForceOverwrite = "true"
		Release.AspNetCompiler.FixedNames = "false"
		Release.AspNetCompiler.Debug = "False"
		VWDPort = "51911"
	EndProjectSection
EndProject
Global
	GlobalSection(SolutionConfigurationPlatforms) = preSolution
		Debug|Any CPU = Debug|Any CPU
	EndGlobalSection
	GlobalSection(ProjectConfigurationPlatforms) = postSolution
		{21075381-64F7-46A2-A6F2-ABF8C32ED1B5}.Debug|Any CPU.ActiveCfg = Debug|Any CPU
		{21075381-64F7-46A2-A6F2-ABF8C32ED1B5}.Debug|Any CPU.Build.0 = Debug|Any CPU
	EndGlobalSection
	GlobalSection(SolutionProperties) = preSolution
		HideSolutionNode = FALSE
	EndGlobalSection
	GlobalSection(ExtensibilityGlobals) = postSolution
		SolutionGuid = {EC77A9F7-C986-4BB4-B353-B520980602D5}
	EndGlobalSection
EndGlobal
